
Microsoft Visual Studio Solution File, Format Version 12.00
# Visual Studio Version 17
VisualStudioVersion = 17.11.35312.102
MinimumVisualStudioVersion = 10.0.40219.1
Project("{FAE04EC0-301F-11D3-BF4B-00C04F79EFBC}") = "VigenereWF", "VigenereWF\VigenereWF.csproj", "{55D03311-9E5D-4F93-9B49-2CB94908A86B}"
EndProject
Global
	GlobalSection(SolutionConfigurationPlatforms) = preSolution
		Debug|Any CPU = Debug|Any CPU
		Release|Any CPU = Release|Any CPU
	EndGlobalSection
	GlobalSection(ProjectConfigurationPlatforms) = postSolution
		{55D03311-9E5D-4F93-9B49-2CB94908A86B}.Debug|Any CPU.ActiveCfg = Debug|Any CPU
		{55D03311-9E5D-4F93-9B49-2CB94908A86B}.Debug|Any CPU.Build.0 = Debug|Any CPU
		{55D03311-9E5D-4F93-9B49-2CB94908A86B}.Release|Any CPU.ActiveCfg = Release|Any CPU
		{55D03311-9E5D-4F93-9B49-2CB94908A86B}.Release|Any CPU.Build.0 = Release|Any CPU
	EndGlobalSection
	GlobalSection(SolutionProperties) = preSolution
		HideSolutionNode = FALSE
	EndGlobalSection
	GlobalSection(ExtensibilityGlobals) = postSolution
		SolutionGuid = {E7A2377C-9B94-4713-82D3-0F21FDEFC0C1}
	EndGlobalSection
EndGlobal
